
Microsoft Visual Studio Solution File, Format Version 12.00
# Visual Studio Version 16
VisualStudioVersion = 16.0.31005.135
MinimumVisualStudioVersion = 10.0.40219.1
Project("{FAE04EC0-301F-11D3-BF4B-00C04F79EFBC}") = "aa", "aa\aa.csproj", "{73AFAED6-03E5-48FC-A5DF-6BAE3E6B29FE}"
EndProject
Project("{54435603-DBB4-11D2-8724-00A0C9A8B90C}") = "QLCHMT", "QLCHMT\QLCHMT.vdproj", "{96AD6D81-7F8B-4BA1-908A-02F00726BFF5}"
EndProject
Global
	GlobalSection(SolutionConfigurationPlatforms) = preSolution
		Debug|Any CPU = Debug|Any CPU
		Debug|x86 = Debug|x86
		Release|Any CPU = Release|Any CPU
		Release|x86 = Release|x86
	EndGlobalSection
	GlobalSection(ProjectConfigurationPlatforms) = postSolution
		{73AFAED6-03E5-48FC-A5DF-6BAE3E6B29FE}.Debug|Any CPU.ActiveCfg = Debug|Any CPU
		{73AFAED6-03E5-48FC-A5DF-6BAE3E6B29FE}.Debug|Any CPU.Build.0 = Debug|Any CPU
		{73AFAED6-03E5-48FC-A5DF-6BAE3E6B29FE}.Debug|x86.ActiveCfg = Debug|Any CPU
		{73AFAED6-03E5-48FC-A5DF-6BAE3E6B29FE}.Debug|x86.Build.0 = Debug|Any CPU
		{73AFAED6-03E5-48FC-A5DF-6BAE3E6B29FE}.Release|Any CPU.ActiveCfg = Release|Any CPU
		{73AFAED6-03E5-48FC-A5DF-6BAE3E6B29FE}.Release|Any CPU.Build.0 = Release|Any CPU
		{73AFAED6-03E5-48FC-A5DF-6BAE3E6B29FE}.Release|x86.ActiveCfg = Release|Any CPU
		{73AFAED6-03E5-48FC-A5DF-6BAE3E6B29FE}.Release|x86.Build.0 = Release|Any CPU
		{96AD6D81-7F8B-4BA1-908A-02F00726BFF5}.Debug|Any CPU.ActiveCfg = Debug
		{96AD6D81-7F8B-4BA1-908A-02F00726BFF5}.Debug|x86.ActiveCfg = Debug
		{96AD6D81-7F8B-4BA1-908A-02F00726BFF5}.Release|Any CPU.ActiveCfg = Release
		{96AD6D81-7F8B-4BA1-908A-02F00726BFF5}.Release|x86.ActiveCfg = Release
	EndGlobalSection
	GlobalSection(SolutionProperties) = preSolution
		HideSolutionNode = FALSE
	EndGlobalSection
	GlobalSection(ExtensibilityGlobals) = postSolution
		SolutionGuid = {73B43446-657A-4561-8B4F-F80AE6850862}
	EndGlobalSection
EndGlobal
